
Microsoft Visual Studio Solution File, Format Version 12.00
# Visual Studio Version 17
VisualStudioVersion = 17.8.34408.163
MinimumVisualStudioVersion = 10.0.40219.1
Project("{FAE04EC0-301F-11D3-BF4B-00C04F79EFBC}") = "DesignAutomationEc2", "DesignAutomationEc2\DesignAutomationEc2.csproj", "{C356CE3B-5186-41AF-B1D9-06E29D8A04AD}"
EndProject
Global
	GlobalSection(SolutionConfigurationPlatforms) = preSolution
		Debug|Any CPU = Debug|Any CPU
		Release|Any CPU = Release|Any CPU
	EndGlobalSection
	GlobalSection(ProjectConfigurationPlatforms) = postSolution
		{C356CE3B-5186-41AF-B1D9-06E29D8A04AD}.Debug|Any CPU.ActiveCfg = Debug|Any CPU
		{C356CE3B-5186-41AF-B1D9-06E29D8A04AD}.Debug|Any CPU.Build.0 = Debug|Any CPU
		{C356CE3B-5186-41AF-B1D9-06E29D8A04AD}.Release|Any CPU.ActiveCfg = Release|Any CPU
		{C356CE3B-5186-41AF-B1D9-06E29D8A04AD}.Release|Any CPU.Build.0 = Release|Any CPU
	EndGlobalSection
	GlobalSection(SolutionProperties) = preSolution
		HideSolutionNode = FALSE
	EndGlobalSection
	GlobalSection(ExtensibilityGlobals) = postSolution
		SolutionGuid = {57FCE005-657D-452D-9561-A91DF6265C1E}
	EndGlobalSection
EndGlobal
